
Microsoft Visual Studio Solution File, Format Version 12.00
# Visual Studio 15
VisualStudioVersion = 15.0.26730.16
MinimumVisualStudioVersion = 10.0.40219.1
Project("{9A19103F-16F7-4668-BE54-9A1E7A4F7556}") = "BittrexSharp", "BittrexSharp\BittrexSharp.csproj", "{D2CF9423-9063-41B9-934A-0A1173A60C66}"
EndProject
Project("{FAE04EC0-301F-11D3-BF4B-00C04F79EFBC}") = "Tests", "Tests\Tests.csproj", "{17C99D19-BE4A-45FB-BF0B-349BF6375075}"
EndProject
Global
	GlobalSection(SolutionConfigurationPlatforms) = preSolution
		Debug|Any CPU = Debug|Any CPU
		Release|Any CPU = Release|Any CPU
	EndGlobalSection
	GlobalSection(ProjectConfigurationPlatforms) = postSolution
		{D2CF9423-9063-41B9-934A-0A1173A60C66}.Debug|Any CPU.ActiveCfg = Debug|Any CPU
		{D2CF9423-9063-41B9-934A-0A1173A60C66}.Debug|Any CPU.Build.0 = Debug|Any CPU
		{D2CF9423-9063-41B9-934A-0A1173A60C66}.Release|Any CPU.ActiveCfg = Release|Any CPU
		{D2CF9423-9063-41B9-934A-0A1173A60C66}.Release|Any CPU.Build.0 = Release|Any CPU
		{17C99D19-BE4A-45FB-BF0B-349BF6375075}.Debug|Any CPU.ActiveCfg = Debug|Any CPU
		{17C99D19-BE4A-45FB-BF0B-349BF6375075}.Debug|Any CPU.Build.0 = Debug|Any CPU
		{17C99D19-BE4A-45FB-BF0B-349BF6375075}.Release|Any CPU.ActiveCfg = Release|Any CPU
		{17C99D19-BE4A-45FB-BF0B-349BF6375075}.Release|Any CPU.Build.0 = Release|Any CPU
	EndGlobalSection
	GlobalSection(SolutionProperties) = preSolution
		HideSolutionNode = FALSE
	EndGlobalSection
	GlobalSection(ExtensibilityGlobals) = postSolution
		SolutionGuid = {6C50F7C9-38B3-4F7A-BF70-551B8F0363AE}
	EndGlobalSection
EndGlobal
